
Microsoft Visual Studio Solution File, Format Version 12.00
# Visual Studio Version 17
VisualStudioVersion = 17.9.34701.34
MinimumVisualStudioVersion = 10.0.40219.1
Project("{FAE04EC0-301F-11D3-BF4B-00C04F79EFBC}") = "ReflectionApp", "ReflectionApp\ReflectionApp.csproj", "{9B726405-C17A-408C-921B-479717DB4119}"
EndProject
Global
	GlobalSection(SolutionConfigurationPlatforms) = preSolution
		Debug|Any CPU = Debug|Any CPU
		Release|Any CPU = Release|Any CPU
	EndGlobalSection
	GlobalSection(ProjectConfigurationPlatforms) = postSolution
		{9B726405-C17A-408C-921B-479717DB4119}.Debug|Any CPU.ActiveCfg = Debug|Any CPU
		{9B726405-C17A-408C-921B-479717DB4119}.Debug|Any CPU.Build.0 = Debug|Any CPU
		{9B726405-C17A-408C-921B-479717DB4119}.Release|Any CPU.ActiveCfg = Release|Any CPU
		{9B726405-C17A-408C-921B-479717DB4119}.Release|Any CPU.Build.0 = Release|Any CPU
	EndGlobalSection
	GlobalSection(SolutionProperties) = preSolution
		HideSolutionNode = FALSE
	EndGlobalSection
	GlobalSection(ExtensibilityGlobals) = postSolution
		SolutionGuid = {93F7F5C5-82D3-4BB3-B669-30D8F6473452}
	EndGlobalSection
EndGlobal
